
Microsoft Visual Studio Solution File, Format Version 12.00
# Visual Studio Version 17
VisualStudioVersion = 17.2.32526.322
MinimumVisualStudioVersion = 10.0.40219.1
Project("{FAE04EC0-301F-11D3-BF4B-00C04F79EFBC}") = "BugTr", "BugTr.csproj", "{D6FC3FB2-C2AD-4538-9BCE-56A9D1034201}"
EndProject
Global
	GlobalSection(SolutionConfigurationPlatforms) = preSolution
		Debug|Any CPU = Debug|Any CPU
		Release|Any CPU = Release|Any CPU
	EndGlobalSection
	GlobalSection(ProjectConfigurationPlatforms) = postSolution
		{D6FC3FB2-C2AD-4538-9BCE-56A9D1034201}.Debug|Any CPU.ActiveCfg = Debug|Any CPU
		{D6FC3FB2-C2AD-4538-9BCE-56A9D1034201}.Debug|Any CPU.Build.0 = Debug|Any CPU
		{D6FC3FB2-C2AD-4538-9BCE-56A9D1034201}.Release|Any CPU.ActiveCfg = Release|Any CPU
		{D6FC3FB2-C2AD-4538-9BCE-56A9D1034201}.Release|Any CPU.Build.0 = Release|Any CPU
	EndGlobalSection
	GlobalSection(SolutionProperties) = preSolution
		HideSolutionNode = FALSE
	EndGlobalSection
	GlobalSection(ExtensibilityGlobals) = postSolution
		SolutionGuid = {8E16FB18-75C0-45E3-8B20-F0FF7EDDA677}
	EndGlobalSection
EndGlobal
